
Microsoft Visual Studio Solution File, Format Version 12.00
# Visual Studio Version 16
VisualStudioVersion = 16.0.30517.126
MinimumVisualStudioVersion = 10.0.40219.1
Project("{FAE04EC0-301F-11D3-BF4B-00C04F79EFBC}") = "EdenredSolution-WebApi", "EdenredSolution-WebApi.csproj", "{1BDC879A-A5F1-49D8-A050-54086807EC5B}"
EndProject
Global
	GlobalSection(SolutionConfigurationPlatforms) = preSolution
		Debug|Any CPU = Debug|Any CPU
		Release|Any CPU = Release|Any CPU
	EndGlobalSection
	GlobalSection(ProjectConfigurationPlatforms) = postSolution
		{1BDC879A-A5F1-49D8-A050-54086807EC5B}.Debug|Any CPU.ActiveCfg = Debug|Any CPU
		{1BDC879A-A5F1-49D8-A050-54086807EC5B}.Debug|Any CPU.Build.0 = Debug|Any CPU
		{1BDC879A-A5F1-49D8-A050-54086807EC5B}.Release|Any CPU.ActiveCfg = Release|Any CPU
		{1BDC879A-A5F1-49D8-A050-54086807EC5B}.Release|Any CPU.Build.0 = Release|Any CPU
	EndGlobalSection
	GlobalSection(SolutionProperties) = preSolution
		HideSolutionNode = FALSE
	EndGlobalSection
	GlobalSection(ExtensibilityGlobals) = postSolution
		SolutionGuid = {FD5803A1-7136-4E14-B02F-16960812D98E}
	EndGlobalSection
EndGlobal
